
Microsoft Visual Studio Solution File, Format Version 12.00
# Visual Studio Version 16
VisualStudioVersion = 16.0.31702.278
MinimumVisualStudioVersion = 10.0.40219.1
Project("{FAE04EC0-301F-11D3-BF4B-00C04F79EFBC}") = "ShopAgamy", "ShopAgamy\ShopAgamy.csproj", "{8AA58141-03F3-443A-9BD4-41B8583E6228}"
EndProject
Global
	GlobalSection(SolutionConfigurationPlatforms) = preSolution
		Debug|Any CPU = Debug|Any CPU
		Release|Any CPU = Release|Any CPU
	EndGlobalSection
	GlobalSection(ProjectConfigurationPlatforms) = postSolution
		{8AA58141-03F3-443A-9BD4-41B8583E6228}.Debug|Any CPU.ActiveCfg = Debug|Any CPU
		{8AA58141-03F3-443A-9BD4-41B8583E6228}.Debug|Any CPU.Build.0 = Debug|Any CPU
		{8AA58141-03F3-443A-9BD4-41B8583E6228}.Release|Any CPU.ActiveCfg = Release|Any CPU
		{8AA58141-03F3-443A-9BD4-41B8583E6228}.Release|Any CPU.Build.0 = Release|Any CPU
	EndGlobalSection
	GlobalSection(SolutionProperties) = preSolution
		HideSolutionNode = FALSE
	EndGlobalSection
	GlobalSection(ExtensibilityGlobals) = postSolution
		SolutionGuid = {E74AD057-52E8-48C9-836F-6386E79D1352}
	EndGlobalSection
EndGlobal
